# THIS IS AN AUTOGENERATED FILE. DO NOT EDIT THIS FILE DIRECTLY.
# yarn lockfile v1


argparse@^0.1.15:
  version "0.1.16"
  resolved "https://registry.npmjs.org/argparse/-/argparse-0.1.16.tgz#cfd01e0fbba3d6caed049fbd758d40f65196f57c"
  dependencies:
    underscore "~1.7.0"
    underscore.string "~2.4.0"

pegjs@0.8.0:
  version "0.8.0"
  resolved "https://registry.npmjs.org/pegjs/-/pegjs-0.8.0.tgz#976f067da13e5c5b1501c017925668a253811561"

underscore.string@~2.4.0:
  version "2.4.0"
  resolved "https://registry.npmjs.org/underscore.string/-/underscore.string-2.4.0.tgz#8cdd8fbac4e2d2ea1e7e2e8097c42f442280f85b"

underscore@~1.7.0:
  version "1.7.0"
  resolved "https://registry.npmjs.org/underscore/-/underscore-1.7.0.tgz#6bbaf0877500d36be34ecaa584e0db9fef035209"
